{
  "name": "question-editor-library",
  "version": "0.0.1",
  "lockfileVersion": 1,
  "requires": true,
  "dependencies": {
    "ng2-material-dropdown": {
      "version": "0.11.0",
      "resolved": "https://registry.npmjs.org/ng2-material-dropdown/-/ng2-material-dropdown-0.11.0.tgz",
      "integrity": "sha512-wptBo09qKecY0QPTProAThrc4A3ajJTcHE9LTpCG5XZZUhXLBzhnGK8OW33TN8A+K/jqcs7OB74ppYJiqs3nhQ==",
      "requires": {
        "tslib": "^1.9.0"
      }
    },
    "ngx-chips": {
      "version": "2.1.0",
      "resolved": "https://registry.npmjs.org/ngx-chips/-/ngx-chips-2.1.0.tgz",
      "integrity": "sha512-OQV4dTfD3nXm5d2mGKUSgwOtJOaMnZ4F+lwXOtd7DWRSUne0JQWwoZNHdOpuS6saBGhqCPDAwq6KxdR5XSgZUQ==",
      "requires": {
        "ng2-material-dropdown": "0.11.0",
        "tslib": "^1.9.0"
      }
    },
    "tslib": {
      "version": "1.14.1",
      "resolved": "https://registry.npmjs.org/tslib/-/tslib-1.14.1.tgz",
      "integrity": "sha512-Xni35NKzjgMrwevysHTCArtLDpPvye8zV/0E4EyYn43P7/7qvQwPh9BGkHewbMulVntbigmcT7rdX3BNo9wRJg=="
    },
    "v-dynamic-forms": {
      "version": "0.0.1-beta.9",
      "resolved": "https://registry.npmjs.org/v-dynamic-forms/-/v-dynamic-forms-0.0.1-beta.9.tgz",
      "integrity": "sha512-UCwA1vub8Kjy4OUchHcrigFyclPhpa7QRDG/BTy5F2/4noiVLlWOkd7Z/QeZWc5VMwWUCA/g53isnjr4vSSJvA==",
      "requires": {
        "ngx-chips": "2.1.0",
        "tslib": "^1.9.0"
      }
    }
  }
}
